{
  "requires": true,
  "lockfileVersion": 1,
  "dependencies": {
    "WNdb": {
      "version": "3.1.2",
      "resolved": "https://registry.npmjs.org/WNdb/-/WNdb-3.1.2.tgz",
      "integrity": "sha1-wkpZPPiEg1agxO0INc2c8vSRKDc=",
      "optional": true,
      "requires": {
        "tar": "^4.4.10"
      }
    },
    "ansi-regex": {
      "version": "2.1.1",
      "resolved": "https://registry.npmjs.org/ansi-regex/-/ansi-regex-2.1.1.tgz",
      "integrity": "sha1-w7M6te42DYbg5ijwRorn7yfWVN8="
    },
    "ansi-styles": {
      "version": "2.2.1",
      "resolved": "https://registry.npmjs.org/ansi-styles/-/ansi-styles-2.2.1.tgz",
      "integrity": "sha1-tDLdM1i2NM914eRmQ2gkBTPB3b4="
    },
    "apparatus": {
      "version": "0.0.10",
      "resolved": "https://registry.npmjs.org/apparatus/-/apparatus-0.0.10.tgz",
      "integrity": "sha512-KLy/ugo33KZA7nugtQ7O0E1c8kQ52N3IvD/XgIh4w/Nr28ypfkwDfA67F1ev4N1m5D+BOk1+b2dEJDfpj/VvZg==",
      "requires": {
        "sylvester": ">= 0.0.8"
      }
    },
    "chalk": {
      "version": "1.1.3",
      "resolved": "https://registry.npmjs.org/chalk/-/chalk-1.1.3.tgz",
      "integrity": "sha1-qBFcVeSnAv5NFQq9OHKCKn4J/Jg=",
      "requires": {
        "ansi-styles": "^2.2.1",
        "escape-string-regexp": "^1.0.2",
        "has-ansi": "^2.0.0",
        "strip-ansi": "^3.0.0",
        "supports-color": "^2.0.0"
      }
    },
    "chownr": {
      "version": "1.1.2",
      "resolved": "https://registry.npmjs.org/chownr/-/chownr-1.1.2.tgz",
      "integrity": "sha512-GkfeAQh+QNy3wquu9oIZr6SS5x7wGdSgNQvD10X3r+AZr1Oys22HW8kAmDMvNg2+Dm0TeGaEuO8gFwdBXxwO8A==",
      "optional": true
    },
    "commander": {
      "version": "2.20.0",
      "resolved": "https://registry.npmjs.org/commander/-/commander-2.20.0.tgz",
      "integrity": "sha512-7j2y+40w61zy6YC2iRNpUe/NwhNyoXrYpHMrSunaMG64nRnaf96zO/KMQR4OyN/UnE5KLyEBnKHd4aG3rskjpQ=="
    },
    "conjugate": {
      "version": "1.0.4",
      "resolved": "https://registry.npmjs.org/conjugate/-/conjugate-1.0.4.tgz",
      "integrity": "sha512-FD9focNzZtN6dXI/UIQtbkJ2J9RBghiao1vtJVFTrxXDTBCQmZBX1ZEkz1qDrkfPw3230CrofnOXs6gBAuI0JA==",
      "requires": {
        "lodash": "^4.17.10"
      },
      "dependencies": {
        "lodash": {
          "version": "4.17.15",
          "resolved": "https://registry.npmjs.org/lodash/-/lodash-4.17.15.tgz",
          "integrity": "sha512-8xOcRHvCjnocdS5cpwXQXVzmmh5e5+saE2QGoeQmbKmRS6J3VQppPOIt0MnmE+4xlZoumy0GPG0D0MVIQbNA1A=="
        }
      }
    },
    "escape-string-regexp": {
      "version": "1.0.5",
      "resolved": "https://registry.npmjs.org/escape-string-regexp/-/escape-string-regexp-1.0.5.tgz",
      "integrity": "sha1-G2HAViGQqN/2rjuyzwIAyhMLhtQ="
    },
    "fs-minipass": {
      "version": "1.2.6",
      "resolved": "https://registry.npmjs.org/fs-minipass/-/fs-minipass-1.2.6.tgz",
      "integrity": "sha512-crhvyXcMejjv3Z5d2Fa9sf5xLYVCF5O1c71QxbVnbLsmYMBEvDAftewesN/HhY03YRoA7zOMxjNGrF5svGaaeQ==",
      "optional": true,
      "requires": {
        "minipass": "^2.2.1"
      }
    },
    "has-ansi": {
      "version": "2.0.0",
      "resolved": "https://registry.npmjs.org/has-ansi/-/has-ansi-2.0.0.tgz",
      "integrity": "sha1-NPUEnOHs3ysGSa8+8k5F7TVBbZE=",
      "requires": {
        "ansi-regex": "^2.0.0"
      }
    },
    "indefinite": {
      "version": "1.0.1",
      "resolved": "https://registry.npmjs.org/indefinite/-/indefinite-1.0.1.tgz",
      "integrity": "sha1-QLHgaS/nljEGqYJPhn7IpIH76GM="
    },
    "lodash": {
      "version": "3.10.1",
      "resolved": "https://registry.npmjs.org/lodash/-/lodash-3.10.1.tgz",
      "integrity": "sha1-W/Rejkm6QYnhfUgnid/RW9FAt7Y="
    },
    "log-block": {
      "version": "1.0.0",
      "resolved": "https://registry.npmjs.org/log-block/-/log-block-1.0.0.tgz",
      "integrity": "sha1-HYL/NJ9bqy2bPiYqmi3JfMmOqgA="
    },
    "minimist": {
      "version": "0.0.8",
      "resolved": "https://registry.npmjs.org/minimist/-/minimist-0.0.8.tgz",
      "integrity": "sha1-hX/Kv8M5fSYluCKCYuhqp6ARsF0=",
      "optional": true
    },
    "minipass": {
      "version": "2.5.1",
      "resolved": "https://registry.npmjs.org/minipass/-/minipass-2.5.1.tgz",
      "integrity": "sha512-dmpSnLJtNQioZFI5HfQ55Ad0DzzsMAb+HfokwRTNXwEQjepbTkl5mtIlSVxGIkOkxlpX7wIn5ET/oAd9fZ/Y/Q==",
      "optional": true,
      "requires": {
        "safe-buffer": "^5.1.2",
        "yallist": "^3.0.0"
      }
    },
    "minizlib": {
      "version": "1.2.2",
      "resolved": "https://registry.npmjs.org/minizlib/-/minizlib-1.2.2.tgz",
      "integrity": "sha512-hR3At21uSrsjjDTWrbu0IMLTpnkpv8IIMFDFaoz43Tmu4LkmAXfH44vNNzpTnf+OAQQCHrb91y/wc2J4x5XgSQ==",
      "optional": true,
      "requires": {
        "minipass": "^2.2.1"
      }
    },
    "mkdirp": {
      "version": "0.5.1",
      "resolved": "https://registry.npmjs.org/mkdirp/-/mkdirp-0.5.1.tgz",
      "integrity": "sha1-MAV0OOrGz3+MR2fzhkjWaX11yQM=",
      "optional": true,
      "requires": {
        "minimist": "0.0.8"
      }
    },
    "natural": {
      "version": "0.1.29",
      "resolved": "https://registry.npmjs.org/natural/-/natural-0.1.29.tgz",
      "integrity": "sha1-WaN6bNhtVekEtlbTudpD/S3J4Eo=",
      "requires": {
        "apparatus": ">= 0.0.6",
        "sylvester": ">= 0.0.12",
        "underscore": ">=1.3.1"
      }
    },
    "pluralize": {
      "version": "1.2.1",
      "resolved": "https://registry.npmjs.org/pluralize/-/pluralize-1.2.1.tgz",
      "integrity": "sha1-0aIUg/0iu0HlihL6NCGCMUCJfEU="
    },
    "random-words": {
      "version": "1.1.0",
      "resolved": "https://registry.npmjs.org/random-words/-/random-words-1.1.0.tgz",
      "integrity": "sha512-GyV8PlSmQE08S/RSCjG9Uh0uQaUC7iRpA18PWk9OSnvNCzKQ+B2NxqqN/cYBej4t7dfBWxh10KFBYSiNcg1jlg=="
    },
    "safe-buffer": {
      "version": "5.2.0",
      "resolved": "https://registry.npmjs.org/safe-buffer/-/safe-buffer-5.2.0.tgz",
      "integrity": "sha512-fZEwUGbVl7kouZs1jCdMLdt95hdIv0ZeHg6L7qPeciMZhZ+/gdesW4wgTARkrFWEpspjEATAzUGPG8N2jJiwbg==",
      "optional": true
    },
    "strip-ansi": {
      "version": "3.0.1",
      "resolved": "https://registry.npmjs.org/strip-ansi/-/strip-ansi-3.0.1.tgz",
      "integrity": "sha1-ajhfuIU9lS1f8F0Oiq+UJ43GPc8=",
      "requires": {
        "ansi-regex": "^2.0.0"
      }
    },
    "supports-color": {
      "version": "2.0.0",
      "resolved": "https://registry.npmjs.org/supports-color/-/supports-color-2.0.0.tgz",
      "integrity": "sha1-U10EXOa2Nj+kARcIRimZXp3zJMc="
    },
    "sylvester": {
      "version": "0.0.21",
      "resolved": "https://registry.npmjs.org/sylvester/-/sylvester-0.0.21.tgz",
      "integrity": "sha1-KYexzivS84sNzio0OIiEv6RADqc="
    },
    "symbols": {
      "version": "0.0.2",
      "resolved": "https://registry.npmjs.org/symbols/-/symbols-0.0.2.tgz",
      "integrity": "sha1-gXqHOakG57ls4gt+Is+VjSa8uwA="
    },
    "tar": {
      "version": "4.4.10",
      "resolved": "https://registry.npmjs.org/tar/-/tar-4.4.10.tgz",
      "integrity": "sha512-g2SVs5QIxvo6OLp0GudTqEf05maawKUxXru104iaayWA09551tFCTI8f1Asb4lPfkBr91k07iL4c11XO3/b0tA==",
      "optional": true,
      "requires": {
        "chownr": "^1.1.1",
        "fs-minipass": "^1.2.5",
        "minipass": "^2.3.5",
        "minizlib": "^1.2.1",
        "mkdirp": "^0.5.0",
        "safe-buffer": "^5.1.2",
        "yallist": "^3.0.3"
      }
    },
    "tensify": {
      "version": "0.0.2",
      "resolved": "https://registry.npmjs.org/tensify/-/tensify-0.0.2.tgz",
      "integrity": "sha1-bVDBqGnvKc86tGUU68juKouT5rQ=",
      "requires": {
        "natural": "~0.1.25",
        "symbols": "0.0.2"
      }
    },
    "underscore": {
      "version": "1.9.1",
      "resolved": "https://registry.npmjs.org/underscore/-/underscore-1.9.1.tgz",
      "integrity": "sha512-5/4etnCkd9c8gwgowi5/om/mYO5ajCaOgdzj/oW+0eQV9WxKBDZw5+ycmKmeaTXjInS/W0BzpGLo2xR2aBwZdg=="
    },
    "whimsy": {
      "version": "1.0.1",
      "resolved": "https://registry.npmjs.org/whimsy/-/whimsy-1.0.1.tgz",
      "integrity": "sha1-qKwWl3E4ZEMVVw5bg4QwfdS1K7Y=",
      "requires": {
        "WNdb": "^3.1.1",
        "chalk": "^1.1.1",
        "commander": "^2.8.1",
        "conjugate": "^1.0.0",
        "indefinite": "^1.0.0",
        "lodash": "^3.10.1",
        "log-block": "^1.0.0",
        "pluralize": "^1.2.1",
        "tensify": "0.0.2"
      }
    },
    "yallist": {
      "version": "3.0.3",
      "resolved": "https://registry.npmjs.org/yallist/-/yallist-3.0.3.tgz",
      "integrity": "sha512-S+Zk8DEWE6oKpV+vI3qWkaK+jSbIK86pCwe2IF/xwIpQ8jEuxpw9NyaGjmp9+BoJv5FV2piqCDcoCtStppiq2A==",
      "optional": true
    }
  }
}
